
Microsoft Visual Studio Solution File, Format Version 12.00
# Visual Studio Version 16
VisualStudioVersion = 16.0.31005.135
MinimumVisualStudioVersion = 10.0.40219.1
Project("{9A19103F-16F7-4668-BE54-9A1E7A4F7556}") = "CarDealer", "CarDealer\CarDealer.csproj", "{252578C0-7CDA-40F1-8042-7A180E768DE3}"
EndProject
Project("{9A19103F-16F7-4668-BE54-9A1E7A4F7556}") = "ProductShop", "ProductShop\ProductShop.csproj", "{3B8FD1B7-0BEA-4CF8-9924-72C8353E33EF}"
EndProject
Global
	GlobalSection(SolutionConfigurationPlatforms) = preSolution
		Debug|Any CPU = Debug|Any CPU
		Release|Any CPU = Release|Any CPU
	EndGlobalSection
	GlobalSection(ProjectConfigurationPlatforms) = postSolution
		{252578C0-7CDA-40F1-8042-7A180E768DE3}.Debug|Any CPU.ActiveCfg = Debug|Any CPU
		{252578C0-7CDA-40F1-8042-7A180E768DE3}.Debug|Any CPU.Build.0 = Debug|Any CPU
		{252578C0-7CDA-40F1-8042-7A180E768DE3}.Release|Any CPU.ActiveCfg = Release|Any CPU
		{252578C0-7CDA-40F1-8042-7A180E768DE3}.Release|Any CPU.Build.0 = Release|Any CPU
		{3B8FD1B7-0BEA-4CF8-9924-72C8353E33EF}.Debug|Any CPU.ActiveCfg = Debug|Any CPU
		{3B8FD1B7-0BEA-4CF8-9924-72C8353E33EF}.Debug|Any CPU.Build.0 = Debug|Any CPU
		{3B8FD1B7-0BEA-4CF8-9924-72C8353E33EF}.Release|Any CPU.ActiveCfg = Release|Any CPU
		{3B8FD1B7-0BEA-4CF8-9924-72C8353E33EF}.Release|Any CPU.Build.0 = Release|Any CPU
	EndGlobalSection
	GlobalSection(SolutionProperties) = preSolution
		HideSolutionNode = FALSE
	EndGlobalSection
	GlobalSection(ExtensibilityGlobals) = postSolution
		SolutionGuid = {EEE4A7A2-018A-4B57-95F5-9878596ABBEF}
	EndGlobalSection
EndGlobal
